// !$*UTF8*$!
{
	archiveVersion = 1;
	classes = {
	};
	objectVersion = 55;
	objects = {

/* Begin PBXBuildFile section */
		1707250A289C531700F39B89 /* MenuSheet.swift in Sources */ = {isa = PBXBuildFile; fileRef = 17072509289C531700F39B89 /* MenuSheet.swift */; };
		172F1443299D46E700A4513C /* Result+CoreDataClass.swift in Sources */ = {isa = PBXBuildFile; fileRef = 172F143F299D46E700A4513C /* Result+CoreDataClass.swift */; };
		172F1444299D46E700A4513C /* Result+CoreDataProperties.swift in Sources */ = {isa = PBXBuildFile; fileRef = 172F1440299D46E700A4513C /* Result+CoreDataProperties.swift */; };
		172F1445299D46E700A4513C /* TimingResult+CoreDataClass.swift in Sources */ = {isa = PBXBuildFile; fileRef = 172F1441299D46E700A4513C /* TimingResult+CoreDataClass.swift */; };
		172F1446299D46E700A4513C /* TimingResult+CoreDataProperties.swift in Sources */ = {isa = PBXBuildFile; fileRef = 172F1442299D46E700A4513C /* TimingResult+CoreDataProperties.swift */; };
		172F1448299D660100A4513C /* ContentViewViewModel.swift in Sources */ = {isa = PBXBuildFile; fileRef = 172F1447299D660100A4513C /* ContentViewViewModel.swift */; };
		172F144D299D66EB00A4513C /* NumberPadViewModel.swift in Sources */ = {isa = PBXBuildFile; fileRef = 172F144C299D66EB00A4513C /* NumberPadViewModel.swift */; };
		172F1451299D67FD00A4513C /* UpcomingPlateEntryViewModel.swift in Sources */ = {isa = PBXBuildFile; fileRef = 172F1450299D67FD00A4513C /* UpcomingPlateEntryViewModel.swift */; };
		172F1454299D68A400A4513C /* ResultsListViewModel.swift in Sources */ = {isa = PBXBuildFile; fileRef = 172F1453299D68A400A4513C /* ResultsListViewModel.swift */; };
		17662D32288DC5E80022124F /* Race_TimerApp.swift in Sources */ = {isa = PBXBuildFile; fileRef = 17662D31288DC5E80022124F /* Race_TimerApp.swift */; };
		17662D34288DC5E80022124F /* ContentView.swift in Sources */ = {isa = PBXBuildFile; fileRef = 17662D33288DC5E80022124F /* ContentView.swift */; };
		17662D36288DC5EA0022124F /* Assets.xcassets in Resources */ = {isa = PBXBuildFile; fileRef = 17662D35288DC5EA0022124F /* Assets.xcassets */; };
		17662D39288DC5EA0022124F /* Preview Assets.xcassets in Resources */ = {isa = PBXBuildFile; fileRef = 17662D38288DC5EA0022124F /* Preview Assets.xcassets */; };
		17662D40288DC6140022124F /* ExportRecordingsSheet.swift in Sources */ = {isa = PBXBuildFile; fileRef = 17662D3F288DC6140022124F /* ExportRecordingsSheet.swift */; };
		17662D42288DC62E0022124F /* ActivityViewController.swift in Sources */ = {isa = PBXBuildFile; fileRef = 17662D41288DC62E0022124F /* ActivityViewController.swift */; };
		17A78A90289AF3BF000AA754 /* Race_Timer.xcdatamodeld in Sources */ = {isa = PBXBuildFile; fileRef = 17A78A8E289AF3BF000AA754 /* Race_Timer.xcdatamodeld */; };
		17A78A92289AF735000AA754 /* DataController.swift in Sources */ = {isa = PBXBuildFile; fileRef = 17A78A91289AF735000AA754 /* DataController.swift */; };
		17A78A9C289B5D76000AA754 /* Extensions.swift in Sources */ = {isa = PBXBuildFile; fileRef = 17A78A9B289B5D76000AA754 /* Extensions.swift */; };
		17F1C071299BF58B00B6406A /* UpcomingPlateEntry.swift in Sources */ = {isa = PBXBuildFile; fileRef = 17F1C070299BF58B00B6406A /* UpcomingPlateEntry.swift */; };
		17FC6645299AB7F000990518 /* NumberPad.swift in Sources */ = {isa = PBXBuildFile; fileRef = 17FC6644299AB7F000990518 /* NumberPad.swift */; };
		17FC6647299B11CE00990518 /* ResultsList.swift in Sources */ = {isa = PBXBuildFile; fileRef = 17FC6646299B11CE00990518 /* ResultsList.swift */; };
/* End PBXBuildFile section */

/* Begin PBXFileReference section */
		17072509289C531700F39B89 /* MenuSheet.swift */ = {isa = PBXFileReference; lastKnownFileType = sourcecode.swift; path = MenuSheet.swift; sourceTree = "<group>"; };
		172F143F299D46E700A4513C /* Result+CoreDataClass.swift */ = {isa = PBXFileReference; lastKnownFileType = sourcecode.swift; name = "Result+CoreDataClass.swift"; path = "Race Timer/CoreData/Result+CoreDataClass.swift"; sourceTree = SOURCE_ROOT; };
		172F1440299D46E700A4513C /* Result+CoreDataProperties.swift */ = {isa = PBXFileReference; lastKnownFileType = sourcecode.swift; name = "Result+CoreDataProperties.swift"; path = "Race Timer/CoreData/Result+CoreDataProperties.swift"; sourceTree = SOURCE_ROOT; };
		172F1441299D46E700A4513C /* TimingResult+CoreDataClass.swift */ = {isa = PBXFileReference; lastKnownFileType = sourcecode.swift; name = "TimingResult+CoreDataClass.swift"; path = "Race Timer/CoreData/TimingResult+CoreDataClass.swift"; sourceTree = SOURCE_ROOT; };
		172F1442299D46E700A4513C /* TimingResult+CoreDataProperties.swift */ = {isa = PBXFileReference; lastKnownFileType = sourcecode.swift; name = "TimingResult+CoreDataProperties.swift"; path = "Race Timer/CoreData/TimingResult+CoreDataProperties.swift"; sourceTree = SOURCE_ROOT; };
		172F1447299D660100A4513C /* ContentViewViewModel.swift */ = {isa = PBXFileReference; lastKnownFileType = sourcecode.swift; path = ContentViewViewModel.swift; sourceTree = "<group>"; };
		172F144C299D66EB00A4513C /* NumberPadViewModel.swift */ = {isa = PBXFileReference; lastKnownFileType = sourcecode.swift; path = NumberPadViewModel.swift; sourceTree = "<group>"; };
		172F1450299D67FD00A4513C /* UpcomingPlateEntryViewModel.swift */ = {isa = PBXFileReference; lastKnownFileType = sourcecode.swift; path = UpcomingPlateEntryViewModel.swift; sourceTree = "<group>"; };
		172F1453299D68A400A4513C /* ResultsListViewModel.swift */ = {isa = PBXFileReference; lastKnownFileType = sourcecode.swift; path = ResultsListViewModel.swift; sourceTree = "<group>"; };
		17662D2E288DC5E80022124F /* Race Timer.app */ = {isa = PBXFileReference; explicitFileType = wrapper.application; includeInIndex = 0; path = "Race Timer.app"; sourceTree = BUILT_PRODUCTS_DIR; };
		17662D31288DC5E80022124F /* Race_TimerApp.swift */ = {isa = PBXFileReference; lastKnownFileType = sourcecode.swift; path = Race_TimerApp.swift; sourceTree = "<group>"; };
		17662D33288DC5E80022124F /* ContentView.swift */ = {isa = PBXFileReference; lastKnownFileType = sourcecode.swift; path = ContentView.swift; sourceTree = "<group>"; };
		17662D35288DC5EA0022124F /* Assets.xcassets */ = {isa = PBXFileReference; lastKnownFileType = folder.assetcatalog; path = Assets.xcassets; sourceTree = "<group>"; };
		17662D38288DC5EA0022124F /* Preview Assets.xcassets */ = {isa = PBXFileReference; lastKnownFileType = folder.assetcatalog; path = "Preview Assets.xcassets"; sourceTree = "<group>"; };
		17662D3F288DC6140022124F /* ExportRecordingsSheet.swift */ = {isa = PBXFileReference; lastKnownFileType = sourcecode.swift; path = ExportRecordingsSheet.swift; sourceTree = "<group>"; };
		17662D41288DC62E0022124F /* ActivityViewController.swift */ = {isa = PBXFileReference; lastKnownFileType = sourcecode.swift; path = ActivityViewController.swift; sourceTree = "<group>"; };
		17A78A8F289AF3BF000AA754 /* Race_Timer.xcdatamodel */ = {isa = PBXFileReference; lastKnownFileType = wrapper.xcdatamodel; path = Race_Timer.xcdatamodel; sourceTree = "<group>"; };
		17A78A91289AF735000AA754 /* DataController.swift */ = {isa = PBXFileReference; lastKnownFileType = sourcecode.swift; path = DataController.swift; sourceTree = "<group>"; };
		17A78A9B289B5D76000AA754 /* Extensions.swift */ = {isa = PBXFileReference; lastKnownFileType = sourcecode.swift; path = Extensions.swift; sourceTree = "<group>"; };
		17F1C070299BF58B00B6406A /* UpcomingPlateEntry.swift */ = {isa = PBXFileReference; lastKnownFileType = sourcecode.swift; path = UpcomingPlateEntry.swift; sourceTree = "<group>"; };
		17FC6644299AB7F000990518 /* NumberPad.swift */ = {isa = PBXFileReference; lastKnownFileType = sourcecode.swift; path = NumberPad.swift; sourceTree = "<group>"; };
		17FC6646299B11CE00990518 /* ResultsList.swift */ = {isa = PBXFileReference; lastKnownFileType = sourcecode.swift; path = ResultsList.swift; sourceTree = "<group>"; };
/* End PBXFileReference section */

/* Begin PBXFrameworksBuildPhase section */
		17662D2B288DC5E80022124F /* Frameworks */ = {
			isa = PBXFrameworksBuildPhase;
			buildActionMask = 2147483647;
			files = (
			);
			runOnlyForDeploymentPostprocessing = 0;
		};
/* End PBXFrameworksBuildPhase section */

/* Begin PBXGroup section */
		172F1449299D663600A4513C /* ContentViewComponents */ = {
			isa = PBXGroup;
			children = (
				172F1452299D688500A4513C /* ResultsList */,
				172F144E299D67B300A4513C /* NumberPad */,
				172F144F299D67E200A4513C /* UpcomingPlateEntry */,
			);
			path = ContentViewComponents;
			sourceTree = "<group>";
		};
		172F144A299D665F00A4513C /* Sheets */ = {
			isa = PBXGroup;
			children = (
				17662D41288DC62E0022124F /* ActivityViewController.swift */,
				17072509289C531700F39B89 /* MenuSheet.swift */,
				17662D3F288DC6140022124F /* ExportRecordingsSheet.swift */,
			);
			path = Sheets;
			sourceTree = "<group>";
		};
		172F144B299D667300A4513C /* CoreData */ = {
			isa = PBXGroup;
			children = (
				17A78A8E289AF3BF000AA754 /* Race_Timer.xcdatamodeld */,
				172F143F299D46E700A4513C /* Result+CoreDataClass.swift */,
				172F1440299D46E700A4513C /* Result+CoreDataProperties.swift */,
				172F1441299D46E700A4513C /* TimingResult+CoreDataClass.swift */,
				172F1442299D46E700A4513C /* TimingResult+CoreDataProperties.swift */,
				17A78A91289AF735000AA754 /* DataController.swift */,
			);
			path = CoreData;
			sourceTree = "<group>";
		};
		172F144E299D67B300A4513C /* NumberPad */ = {
			isa = PBXGroup;
			children = (
				17FC6644299AB7F000990518 /* NumberPad.swift */,
				172F144C299D66EB00A4513C /* NumberPadViewModel.swift */,
			);
			path = NumberPad;
			sourceTree = "<group>";
		};
		172F144F299D67E200A4513C /* UpcomingPlateEntry */ = {
			isa = PBXGroup;
			children = (
				17F1C070299BF58B00B6406A /* UpcomingPlateEntry.swift */,
				172F1450299D67FD00A4513C /* UpcomingPlateEntryViewModel.swift */,
			);
			path = UpcomingPlateEntry;
			sourceTree = "<group>";
		};
		172F1452299D688500A4513C /* ResultsList */ = {
			isa = PBXGroup;
			children = (
				17FC6646299B11CE00990518 /* ResultsList.swift */,
				172F1453299D68A400A4513C /* ResultsListViewModel.swift */,
			);
			path = ResultsList;
			sourceTree = "<group>";
		};
		17662D25288DC5E80022124F = {
			isa = PBXGroup;
			children = (
				17662D30288DC5E80022124F /* Race Timer */,
				17662D2F288DC5E80022124F /* Products */,
			);
			sourceTree = "<group>";
		};
		17662D2F288DC5E80022124F /* Products */ = {
			isa = PBXGroup;
			children = (
				17662D2E288DC5E80022124F /* Race Timer.app */,
			);
			name = Products;
			sourceTree = "<group>";
		};
		17662D30288DC5E80022124F /* Race Timer */ = {
			isa = PBXGroup;
			children = (
				17662D31288DC5E80022124F /* Race_TimerApp.swift */,
				17662D33288DC5E80022124F /* ContentView.swift */,
				172F1447299D660100A4513C /* ContentViewViewModel.swift */,
				172F1449299D663600A4513C /* ContentViewComponents */,
				172F144A299D665F00A4513C /* Sheets */,
				17A78A9B289B5D76000AA754 /* Extensions.swift */,
				172F144B299D667300A4513C /* CoreData */,
				17662D35288DC5EA0022124F /* Assets.xcassets */,
				17662D37288DC5EA0022124F /* Preview Content */,
			);
			path = "Race Timer";
			sourceTree = "<group>";
		};
		17662D37288DC5EA0022124F /* Preview Content */ = {
			isa = PBXGroup;
			children = (
				17662D38288DC5EA0022124F /* Preview Assets.xcassets */,
			);
			path = "Preview Content";
			sourceTree = "<group>";
		};
/* End PBXGroup section */

/* Begin PBXNativeTarget section */
		17662D2D288DC5E80022124F /* Race Timer */ = {
			isa = PBXNativeTarget;
			buildConfigurationList = 17662D3C288DC5EA0022124F /* Build configuration list for PBXNativeTarget "Race Timer" */;
			buildPhases = (
				17662D2A288DC5E80022124F /* Sources */,
				17662D2B288DC5E80022124F /* Frameworks */,
				17662D2C288DC5E80022124F /* Resources */,
			);
			buildRules = (
			);
			dependencies = (
			);
			name = "Race Timer";
			productName = "Race Timer";
			productReference = 17662D2E288DC5E80022124F /* Race Timer.app */;
			productType = "com.apple.product-type.application";
		};
/* End PBXNativeTarget section */

/* Begin PBXProject section */
		17662D26288DC5E80022124F /* Project object */ = {
			isa = PBXProject;
			attributes = {
				BuildIndependentTargetsInParallel = 1;
				LastSwiftUpdateCheck = 1340;
				LastUpgradeCheck = 1340;
				TargetAttributes = {
					17662D2D288DC5E80022124F = {
						CreatedOnToolsVersion = 13.4;
					};
				};
			};
			buildConfigurationList = 17662D29288DC5E80022124F /* Build configuration list for PBXProject "Race Timer" */;
			compatibilityVersion = "Xcode 13.0";
			developmentRegion = en;
			hasScannedForEncodings = 0;
			knownRegions = (
				en,
				Base,
			);
			mainGroup = 17662D25288DC5E80022124F;
			productRefGroup = 17662D2F288DC5E80022124F /* Products */;
			projectDirPath = "";
			projectRoot = "";
			targets = (
				17662D2D288DC5E80022124F /* Race Timer */,
			);
		};
/* End PBXProject section */

/* Begin PBXResourcesBuildPhase section */
		17662D2C288DC5E80022124F /* Resources */ = {
			isa = PBXResourcesBuildPhase;
			buildActionMask = 2147483647;
			files = (
				17662D39288DC5EA0022124F /* Preview Assets.xcassets in Resources */,
				17662D36288DC5EA0022124F /* Assets.xcassets in Resources */,
			);
			runOnlyForDeploymentPostprocessing = 0;
		};
/* End PBXResourcesBuildPhase section */

/* Begin PBXSourcesBuildPhase section */
		17662D2A288DC5E80022124F /* Sources */ = {
			isa = PBXSourcesBuildPhase;
			buildActionMask = 2147483647;
			files = (
				17662D40288DC6140022124F /* ExportRecordingsSheet.swift in Sources */,
				172F1454299D68A400A4513C /* ResultsListViewModel.swift in Sources */,
				1707250A289C531700F39B89 /* MenuSheet.swift in Sources */,
				172F1446299D46E700A4513C /* TimingResult+CoreDataProperties.swift in Sources */,
				17FC6647299B11CE00990518 /* ResultsList.swift in Sources */,
				172F1451299D67FD00A4513C /* UpcomingPlateEntryViewModel.swift in Sources */,
				17A78A92289AF735000AA754 /* DataController.swift in Sources */,
				17A78A90289AF3BF000AA754 /* Race_Timer.xcdatamodeld in Sources */,
				17662D34288DC5E80022124F /* ContentView.swift in Sources */,
				172F1448299D660100A4513C /* ContentViewViewModel.swift in Sources */,
				17FC6645299AB7F000990518 /* NumberPad.swift in Sources */,
				17662D32288DC5E80022124F /* Race_TimerApp.swift in Sources */,
				172F1443299D46E700A4513C /* Result+CoreDataClass.swift in Sources */,
				172F1444299D46E700A4513C /* Result+CoreDataProperties.swift in Sources */,
				172F1445299D46E700A4513C /* TimingResult+CoreDataClass.swift in Sources */,
				17662D42288DC62E0022124F /* ActivityViewController.swift in Sources */,
				17A78A9C289B5D76000AA754 /* Extensions.swift in Sources */,
				17F1C071299BF58B00B6406A /* UpcomingPlateEntry.swift in Sources */,
				172F144D299D66EB00A4513C /* NumberPadViewModel.swift in Sources */,
			);
			runOnlyForDeploymentPostprocessing = 0;
		};
/* End PBXSourcesBuildPhase section */

/* Begin XCBuildConfiguration section */
		17662D3A288DC5EA0022124F /* Debug */ = {
			isa = XCBuildConfiguration;
			buildSettings = {
				ALWAYS_SEARCH_USER_PATHS = NO;
				CLANG_ANALYZER_NONNULL = YES;
				CLANG_ANALYZER_NUMBER_OBJECT_CONVERSION = YES_AGGRESSIVE;
				CLANG_CXX_LANGUAGE_STANDARD = "gnu++17";
				CLANG_ENABLE_MODULES = YES;
				CLANG_ENABLE_OBJC_ARC = YES;
				CLANG_ENABLE_OBJC_WEAK = YES;
				CLANG_WARN_BLOCK_CAPTURE_AUTORELEASING = YES;
				CLANG_WARN_BOOL_CONVERSION = YES;
				CLANG_WARN_COMMA = YES;
				CLANG_WARN_CONSTANT_CONVERSION = YES;
				CLANG_WARN_DEPRECATED_OBJC_IMPLEMENTATIONS = YES;
				CLANG_WARN_DIRECT_OBJC_ISA_USAGE = YES_ERROR;
				CLANG_WARN_DOCUMENTATION_COMMENTS = YES;
				CLANG_WARN_EMPTY_BODY = YES;
				CLANG_WARN_ENUM_CONVERSION = YES;
				CLANG_WARN_INFINITE_RECURSION = YES;
				CLANG_WARN_INT_CONVERSION = YES;
				CLANG_WARN_NON_LITERAL_NULL_CONVERSION = YES;
				CLANG_WARN_OBJC_IMPLICIT_RETAIN_SELF = YES;
				CLANG_WARN_OBJC_LITERAL_CONVERSION = YES;
				CLANG_WARN_OBJC_ROOT_CLASS = YES_ERROR;
				CLANG_WARN_QUOTED_INCLUDE_IN_FRAMEWORK_HEADER = YES;
				CLANG_WARN_RANGE_LOOP_ANALYSIS = YES;
				CLANG_WARN_STRICT_PROTOTYPES = YES;
				CLANG_WARN_SUSPICIOUS_MOVE = YES;
				CLANG_WARN_UNGUARDED_AVAILABILITY = YES_AGGRESSIVE;
				CLANG_WARN_UNREACHABLE_CODE = YES;
				CLANG_WARN__DUPLICATE_METHOD_MATCH = YES;
				COPY_PHASE_STRIP = NO;
				DEBUG_INFORMATION_FORMAT = dwarf;
				ENABLE_STRICT_OBJC_MSGSEND = YES;
				ENABLE_TESTABILITY = YES;
				GCC_C_LANGUAGE_STANDARD = gnu11;
				GCC_DYNAMIC_NO_PIC = NO;
				GCC_NO_COMMON_BLOCKS = YES;
				GCC_OPTIMIZATION_LEVEL = 0;
				GCC_PREPROCESSOR_DEFINITIONS = (
					"DEBUG=1",
					"$(inherited)",
				);
				GCC_WARN_64_TO_32_BIT_CONVERSION = YES;
				GCC_WARN_ABOUT_RETURN_TYPE = YES_ERROR;
				GCC_WARN_UNDECLARED_SELECTOR = YES;
				GCC_WARN_UNINITIALIZED_AUTOS = YES_AGGRESSIVE;
				GCC_WARN_UNUSED_FUNCTION = YES;
				GCC_WARN_UNUSED_VARIABLE = YES;
				IPHONEOS_DEPLOYMENT_TARGET = 15.5;
				MTL_ENABLE_DEBUG_INFO = INCLUDE_SOURCE;
				MTL_FAST_MATH = YES;
				ONLY_ACTIVE_ARCH = YES;
				SDKROOT = iphoneos;
				SWIFT_ACTIVE_COMPILATION_CONDITIONS = DEBUG;
				SWIFT_OPTIMIZATION_LEVEL = "-Onone";
			};
			name = Debug;
		};
		17662D3B288DC5EA0022124F /* Release */ = {
			isa = XCBuildConfiguration;
			buildSettings = {
				ALWAYS_SEARCH_USER_PATHS = NO;
				CLANG_ANALYZER_NONNULL = YES;
				CLANG_ANALYZER_NUMBER_OBJECT_CONVERSION = YES_AGGRESSIVE;
				CLANG_CXX_LANGUAGE_STANDARD = "gnu++17";
				CLANG_ENABLE_MODULES = YES;
				CLANG_ENABLE_OBJC_ARC = YES;
				CLANG_ENABLE_OBJC_WEAK = YES;
				CLANG_WARN_BLOCK_CAPTURE_AUTORELEASING = YES;
				CLANG_WARN_BOOL_CONVERSION = YES;
				CLANG_WARN_COMMA = YES;
				CLANG_WARN_CONSTANT_CONVERSION = YES;
				CLANG_WARN_DEPRECATED_OBJC_IMPLEMENTATIONS = YES;
				CLANG_WARN_DIRECT_OBJC_ISA_USAGE = YES_ERROR;
				CLANG_WARN_DOCUMENTATION_COMMENTS = YES;
				CLANG_WARN_EMPTY_BODY = YES;
				CLANG_WARN_ENUM_CONVERSION = YES;
				CLANG_WARN_INFINITE_RECURSION = YES;
				CLANG_WARN_INT_CONVERSION = YES;
				CLANG_WARN_NON_LITERAL_NULL_CONVERSION = YES;
				CLANG_WARN_OBJC_IMPLICIT_RETAIN_SELF = YES;
				CLANG_WARN_OBJC_LITERAL_CONVERSION = YES;
				CLANG_WARN_OBJC_ROOT_CLASS = YES_ERROR;
				CLANG_WARN_QUOTED_INCLUDE_IN_FRAMEWORK_HEADER = YES;
				CLANG_WARN_RANGE_LOOP_ANALYSIS = YES;
				CLANG_WARN_STRICT_PROTOTYPES = YES;
				CLANG_WARN_SUSPICIOUS_MOVE = YES;
				CLANG_WARN_UNGUARDED_AVAILABILITY = YES_AGGRESSIVE;
				CLANG_WARN_UNREACHABLE_CODE = YES;
				CLANG_WARN__DUPLICATE_METHOD_MATCH = YES;
				COPY_PHASE_STRIP = NO;
				DEBUG_INFORMATION_FORMAT = "dwarf-with-dsym";
				ENABLE_NS_ASSERTIONS = NO;
				ENABLE_STRICT_OBJC_MSGSEND = YES;
				GCC_C_LANGUAGE_STANDARD = gnu11;
				GCC_NO_COMMON_BLOCKS = YES;
				GCC_WARN_64_TO_32_BIT_CONVERSION = YES;
				GCC_WARN_ABOUT_RETURN_TYPE = YES_ERROR;
				GCC_WARN_UNDECLARED_SELECTOR = YES;
				GCC_WARN_UNINITIALIZED_AUTOS = YES_AGGRESSIVE;
				GCC_WARN_UNUSED_FUNCTION = YES;
				GCC_WARN_UNUSED_VARIABLE = YES;
				IPHONEOS_DEPLOYMENT_TARGET = 15.5;
				MTL_ENABLE_DEBUG_INFO = NO;
				MTL_FAST_MATH = YES;
				SDKROOT = iphoneos;
				SWIFT_COMPILATION_MODE = wholemodule;
				SWIFT_OPTIMIZATION_LEVEL = "-O";
				VALIDATE_PRODUCT = YES;
			};
			name = Release;
		};
		17662D3D288DC5EA0022124F /* Debug */ = {
			isa = XCBuildConfiguration;
			buildSettings = {
				ASSETCATALOG_COMPILER_APPICON_NAME = AppIcon;
				ASSETCATALOG_COMPILER_GLOBAL_ACCENT_COLOR_NAME = AccentColor;
				CODE_SIGN_STYLE = Automatic;
				CURRENT_PROJECT_VERSION = 1;
				DEVELOPMENT_ASSET_PATHS = "\"Race Timer/Preview Content\"";
				DEVELOPMENT_TEAM = WF5NY4PC3R;
				ENABLE_PREVIEWS = YES;
				GENERATE_INFOPLIST_FILE = YES;
				INFOPLIST_KEY_CFBundleDisplayName = "Race Timer";
				INFOPLIST_KEY_LSApplicationCategoryType = "public.app-category.sports";
				INFOPLIST_KEY_UIApplicationSceneManifest_Generation = YES;
				INFOPLIST_KEY_UIApplicationSupportsIndirectInputEvents = YES;
				INFOPLIST_KEY_UILaunchScreen_Generation = YES;
				INFOPLIST_KEY_UISupportedInterfaceOrientations = UIInterfaceOrientationPortrait;
				INFOPLIST_KEY_UISupportedInterfaceOrientations_iPad = "UIInterfaceOrientationLandscapeLeft UIInterfaceOrientationLandscapeRight UIInterfaceOrientationPortrait UIInterfaceOrientationPortraitUpsideDown";
				LD_RUNPATH_SEARCH_PATHS = (
					"$(inherited)",
					"@executable_path/Frameworks",
				);
				MARKETING_VERSION = 0.1.0;
				PRODUCT_BUNDLE_IDENTIFIER = com.nikodittmar.JMPEnduroTiming;
				PRODUCT_NAME = "$(TARGET_NAME)";
				SWIFT_EMIT_LOC_STRINGS = YES;
				SWIFT_VERSION = 5.0;
				TARGETED_DEVICE_FAMILY = 1;
			};
			name = Debug;
		};
		17662D3E288DC5EA0022124F /* Release */ = {
			isa = XCBuildConfiguration;
			buildSettings = {
				ASSETCATALOG_COMPILER_APPICON_NAME = AppIcon;
				ASSETCATALOG_COMPILER_GLOBAL_ACCENT_COLOR_NAME = AccentColor;
				CODE_SIGN_STYLE = Automatic;
				CURRENT_PROJECT_VERSION = 1;
				DEVELOPMENT_ASSET_PATHS = "\"Race Timer/Preview Content\"";
				DEVELOPMENT_TEAM = WF5NY4PC3R;
				ENABLE_PREVIEWS = YES;
				GENERATE_INFOPLIST_FILE = YES;
				INFOPLIST_KEY_CFBundleDisplayName = "Race Timer";
				INFOPLIST_KEY_LSApplicationCategoryType = "public.app-category.sports";
				INFOPLIST_KEY_UIApplicationSceneManifest_Generation = YES;
				INFOPLIST_KEY_UIApplicationSupportsIndirectInputEvents = YES;
				INFOPLIST_KEY_UILaunchScreen_Generation = YES;
				INFOPLIST_KEY_UISupportedInterfaceOrientations = UIInterfaceOrientationPortrait;
				INFOPLIST_KEY_UISupportedInterfaceOrientations_iPad = "UIInterfaceOrientationLandscapeLeft UIInterfaceOrientationLandscapeRight UIInterfaceOrientationPortrait UIInterfaceOrientationPortraitUpsideDown";
				LD_RUNPATH_SEARCH_PATHS = (
					"$(inherited)",
					"@executable_path/Frameworks",
				);
				MARKETING_VERSION = 0.1.0;
				PRODUCT_BUNDLE_IDENTIFIER = com.nikodittmar.JMPEnduroTiming;
				PRODUCT_NAME = "$(TARGET_NAME)";
				SWIFT_EMIT_LOC_STRINGS = YES;
				SWIFT_VERSION = 5.0;
				TARGETED_DEVICE_FAMILY = 1;
			};
			name = Release;
		};
/* End XCBuildConfiguration section */

/* Begin XCConfigurationList section */
		17662D29288DC5E80022124F /* Build configuration list for PBXProject "Race Timer" */ = {
			isa = XCConfigurationList;
			buildConfigurations = (
				17662D3A288DC5EA0022124F /* Debug */,
				17662D3B288DC5EA0022124F /* Release */,
			);
			defaultConfigurationIsVisible = 0;
			defaultConfigurationName = Release;
		};
		17662D3C288DC5EA0022124F /* Build configuration list for PBXNativeTarget "Race Timer" */ = {
			isa = XCConfigurationList;
			buildConfigurations = (
				17662D3D288DC5EA0022124F /* Debug */,
				17662D3E288DC5EA0022124F /* Release */,
			);
			defaultConfigurationIsVisible = 0;
			defaultConfigurationName = Release;
		};
/* End XCConfigurationList section */

/* Begin XCVersionGroup section */
		17A78A8E289AF3BF000AA754 /* Race_Timer.xcdatamodeld */ = {
			isa = XCVersionGroup;
			children = (
				17A78A8F289AF3BF000AA754 /* Race_Timer.xcdatamodel */,
			);
			currentVersion = 17A78A8F289AF3BF000AA754 /* Race_Timer.xcdatamodel */;
			path = Race_Timer.xcdatamodeld;
			sourceTree = "<group>";
			versionGroupType = wrapper.xcdatamodel;
		};
/* End XCVersionGroup section */
	};
	rootObject = 17662D26288DC5E80022124F /* Project object */;
}
