// !$*UTF8*$!
{
	archiveVersion = 1;
	classes = {
	};
	objectVersion = 55;
	objects = {

/* Begin PBXBuildFile section */
		1707250A289C531700F39B89 /* RecordingSetSheet.swift in Sources */ = {isa = PBXBuildFile; fileRef = 17072509289C531700F39B89 /* RecordingSetSheet.swift */; };
		172F1448299D660100A4513C /* ContentViewViewModel.swift in Sources */ = {isa = PBXBuildFile; fileRef = 172F1447299D660100A4513C /* ContentViewViewModel.swift */; };
		172F1456299D934300A4513C /* RecordingSetSheetViewModel.swift in Sources */ = {isa = PBXBuildFile; fileRef = 172F1455299D934300A4513C /* RecordingSetSheetViewModel.swift */; };
		1755B40E29F5D8D400AB8C62 /* ActivityViewController.swift in Sources */ = {isa = PBXBuildFile; fileRef = 1755B40D29F5D8D400AB8C62 /* ActivityViewController.swift */; };
		1755B41329F5FAC200AB8C62 /* MRTLogoWhite.png in Resources */ = {isa = PBXBuildFile; fileRef = 1755B41229F5FAC200AB8C62 /* MRTLogoWhite.png */; };
		1755B41529F5FAD600AB8C62 /* MRTLogo.png in Resources */ = {isa = PBXBuildFile; fileRef = 1755B41429F5FAD600AB8C62 /* MRTLogo.png */; };
		1755B41729F6065B00AB8C62 /* RecordingSetPair.swift in Sources */ = {isa = PBXBuildFile; fileRef = 1755B41629F6065B00AB8C62 /* RecordingSetPair.swift */; };
		1755B41929F60F2E00AB8C62 /* SelectRecordingSetsViewModel.swift in Sources */ = {isa = PBXBuildFile; fileRef = 1755B41829F60F2E00AB8C62 /* SelectRecordingSetsViewModel.swift */; };
		1755B41D29F726DD00AB8C62 /* MRTMockup.png in Resources */ = {isa = PBXBuildFile; fileRef = 1755B41C29F726DD00AB8C62 /* MRTMockup.png */; };
		1755B46629F9CE7600AB8C62 /* DataController.swift in Sources */ = {isa = PBXBuildFile; fileRef = 1755B46529F9CE7500AB8C62 /* DataController.swift */; };
		1755B47529F9D30500AB8C62 /* DataControllerTests.swift in Sources */ = {isa = PBXBuildFile; fileRef = 1755B47429F9D30500AB8C62 /* DataControllerTests.swift */; };
		1757CD4D29FC3862003F9086 /* ContentViewUITests.swift in Sources */ = {isa = PBXBuildFile; fileRef = 1757CD4C29FC3862003F9086 /* ContentViewUITests.swift */; };
		17662D32288DC5E80022124F /* MyRaceTimerApp.swift in Sources */ = {isa = PBXBuildFile; fileRef = 17662D31288DC5E80022124F /* MyRaceTimerApp.swift */; };
		17662D34288DC5E80022124F /* ContentView.swift in Sources */ = {isa = PBXBuildFile; fileRef = 17662D33288DC5E80022124F /* ContentView.swift */; };
		17662D36288DC5EA0022124F /* Assets.xcassets in Resources */ = {isa = PBXBuildFile; fileRef = 17662D35288DC5EA0022124F /* Assets.xcassets */; };
		17662D39288DC5EA0022124F /* Preview Assets.xcassets in Resources */ = {isa = PBXBuildFile; fileRef = 17662D38288DC5EA0022124F /* Preview Assets.xcassets */; };
		17715AA429FC321300739174 /* MyRaceTimerUITests.swift in Sources */ = {isa = PBXBuildFile; fileRef = 17715AA329FC321300739174 /* MyRaceTimerUITests.swift */; };
		17715AA629FC321300739174 /* MyRaceTimerUITestsLaunchTests.swift in Sources */ = {isa = PBXBuildFile; fileRef = 17715AA529FC321300739174 /* MyRaceTimerUITestsLaunchTests.swift */; };
		1776388A2A0318D900B97D50 /* NameResultViewModel.swift in Sources */ = {isa = PBXBuildFile; fileRef = 177638892A0318D900B97D50 /* NameResultViewModel.swift */; };
		177BB8C229EF3E920019C38F /* MyRaceTimer.xcdatamodeld in Sources */ = {isa = PBXBuildFile; fileRef = 177BB8C029EF3E920019C38F /* MyRaceTimer.xcdatamodeld */; };
		177BB8C429EF3F9A0019C38F /* PersistenceController.swift in Sources */ = {isa = PBXBuildFile; fileRef = 177BB8C329EF3F9A0019C38F /* PersistenceController.swift */; };
		177BB8CB29EF47010019C38F /* Recording+CoreDataClass.swift in Sources */ = {isa = PBXBuildFile; fileRef = 177BB8C729EF47010019C38F /* Recording+CoreDataClass.swift */; };
		177BB8CC29EF47010019C38F /* Recording+CoreDataProperties.swift in Sources */ = {isa = PBXBuildFile; fileRef = 177BB8C829EF47010019C38F /* Recording+CoreDataProperties.swift */; };
		177BB8CD29EF47010019C38F /* RecordingSet+CoreDataClass.swift in Sources */ = {isa = PBXBuildFile; fileRef = 177BB8C929EF47010019C38F /* RecordingSet+CoreDataClass.swift */; };
		177BB8CE29EF47010019C38F /* RecordingSet+CoreDataProperties.swift in Sources */ = {isa = PBXBuildFile; fileRef = 177BB8CA29EF47010019C38F /* RecordingSet+CoreDataProperties.swift */; };
		17857CF129FF302F009A9BD0 /* ResultSheetViewModel.swift in Sources */ = {isa = PBXBuildFile; fileRef = 17857CF029FF302F009A9BD0 /* ResultSheetViewModel.swift */; };
		17857CF629FF31E6009A9BD0 /* ResultDetail.swift in Sources */ = {isa = PBXBuildFile; fileRef = 17857CF529FF31E6009A9BD0 /* ResultDetail.swift */; };
		17857CF829FF3263009A9BD0 /* ResultDetailViewModel.swift in Sources */ = {isa = PBXBuildFile; fileRef = 17857CF729FF3263009A9BD0 /* ResultDetailViewModel.swift */; };
		17857CFE29FF6B70009A9BD0 /* PairSelectedRecordingSetsViewModel.swift in Sources */ = {isa = PBXBuildFile; fileRef = 17857CFD29FF6B70009A9BD0 /* PairSelectedRecordingSetsViewModel.swift */; };
		17857D0029FF8F41009A9BD0 /* IssuesNavigatorViewModel.swift in Sources */ = {isa = PBXBuildFile; fileRef = 17857CFF29FF8F41009A9BD0 /* IssuesNavigatorViewModel.swift */; };
		17857D0229FF8F56009A9BD0 /* IssuesNavigator.swift in Sources */ = {isa = PBXBuildFile; fileRef = 17857D0129FF8F56009A9BD0 /* IssuesNavigator.swift */; };
		17857D052A01E466009A9BD0 /* NameResult.swift in Sources */ = {isa = PBXBuildFile; fileRef = 17857D042A01E466009A9BD0 /* NameResult.swift */; };
		17857D082A01E7CA009A9BD0 /* ResolveIssuesSheet.swift in Sources */ = {isa = PBXBuildFile; fileRef = 17857D072A01E7CA009A9BD0 /* ResolveIssuesSheet.swift */; };
		17857D0A2A01E7DE009A9BD0 /* ResolveIssuesSheetViewModel.swift in Sources */ = {isa = PBXBuildFile; fileRef = 17857D092A01E7DE009A9BD0 /* ResolveIssuesSheetViewModel.swift */; };
		17A78A9C289B5D76000AA754 /* Extensions.swift in Sources */ = {isa = PBXBuildFile; fileRef = 17A78A9B289B5D76000AA754 /* Extensions.swift */; };
		17BD9BB629FDAE92004EDD27 /* ResultSheet.swift in Sources */ = {isa = PBXBuildFile; fileRef = 17BD9BB529FDAE92004EDD27 /* ResultSheet.swift */; };
		17BD9BBF29FDB74B004EDD27 /* Racer+CoreDataClass.swift in Sources */ = {isa = PBXBuildFile; fileRef = 17BD9BB729FDB74B004EDD27 /* Racer+CoreDataClass.swift */; };
		17BD9BC029FDB74B004EDD27 /* Racer+CoreDataProperties.swift in Sources */ = {isa = PBXBuildFile; fileRef = 17BD9BB829FDB74B004EDD27 /* Racer+CoreDataProperties.swift */; };
		17BD9BC129FDB74B004EDD27 /* Stage+CoreDataClass.swift in Sources */ = {isa = PBXBuildFile; fileRef = 17BD9BB929FDB74B004EDD27 /* Stage+CoreDataClass.swift */; };
		17BD9BC229FDB74B004EDD27 /* Stage+CoreDataProperties.swift in Sources */ = {isa = PBXBuildFile; fileRef = 17BD9BBA29FDB74B004EDD27 /* Stage+CoreDataProperties.swift */; };
		17BD9BC329FDB74B004EDD27 /* StageResult+CoreDataClass.swift in Sources */ = {isa = PBXBuildFile; fileRef = 17BD9BBB29FDB74B004EDD27 /* StageResult+CoreDataClass.swift */; };
		17BD9BC429FDB74B004EDD27 /* StageResult+CoreDataProperties.swift in Sources */ = {isa = PBXBuildFile; fileRef = 17BD9BBC29FDB74B004EDD27 /* StageResult+CoreDataProperties.swift */; };
		17BD9BC529FDB74B004EDD27 /* Result+CoreDataClass.swift in Sources */ = {isa = PBXBuildFile; fileRef = 17BD9BBD29FDB74B004EDD27 /* Result+CoreDataClass.swift */; };
		17BD9BC629FDB74B004EDD27 /* Result+CoreDataProperties.swift in Sources */ = {isa = PBXBuildFile; fileRef = 17BD9BBE29FDB74B004EDD27 /* Result+CoreDataProperties.swift */; };
		17E860F529A1C6A7004F2C86 /* SelectRecordingSets.swift in Sources */ = {isa = PBXBuildFile; fileRef = 17E860F429A1C6A7004F2C86 /* SelectRecordingSets.swift */; };
		17E860F729A1C6B9004F2C86 /* PairSelectedReocordingSets.swift in Sources */ = {isa = PBXBuildFile; fileRef = 17E860F629A1C6B9004F2C86 /* PairSelectedReocordingSets.swift */; };
		17E88C3829F4E1CA009145BD /* CoreDataCodable.swift in Sources */ = {isa = PBXBuildFile; fileRef = 17E88C3729F4E1CA009145BD /* CoreDataCodable.swift */; };
		17FC6645299AB7F000990518 /* NumberPad.swift in Sources */ = {isa = PBXBuildFile; fileRef = 17FC6644299AB7F000990518 /* NumberPad.swift */; };
		17FC6647299B11CE00990518 /* RecordingsList.swift in Sources */ = {isa = PBXBuildFile; fileRef = 17FC6646299B11CE00990518 /* RecordingsList.swift */; };
/* End PBXBuildFile section */

/* Begin PBXContainerItemProxy section */
		1755B46F29F9D2DD00AB8C62 /* PBXContainerItemProxy */ = {
			isa = PBXContainerItemProxy;
			containerPortal = 17662D26288DC5E80022124F /* Project object */;
			proxyType = 1;
			remoteGlobalIDString = 17662D2D288DC5E80022124F;
			remoteInfo = MyRaceTimer;
		};
		17715AA729FC321300739174 /* PBXContainerItemProxy */ = {
			isa = PBXContainerItemProxy;
			containerPortal = 17662D26288DC5E80022124F /* Project object */;
			proxyType = 1;
			remoteGlobalIDString = 17662D2D288DC5E80022124F;
			remoteInfo = MyRaceTimer;
		};
/* End PBXContainerItemProxy section */

/* Begin PBXCopyFilesBuildPhase section */
		17D78B0729A01C1F00BD7944 /* Embed Foundation Extensions */ = {
			isa = PBXCopyFilesBuildPhase;
			buildActionMask = 2147483647;
			dstPath = "";
			dstSubfolderSpec = 13;
			files = (
			);
			name = "Embed Foundation Extensions";
			runOnlyForDeploymentPostprocessing = 0;
		};
/* End PBXCopyFilesBuildPhase section */

/* Begin PBXFileReference section */
		17072509289C531700F39B89 /* RecordingSetSheet.swift */ = {isa = PBXFileReference; lastKnownFileType = sourcecode.swift; path = RecordingSetSheet.swift; sourceTree = "<group>"; };
		172F1447299D660100A4513C /* ContentViewViewModel.swift */ = {isa = PBXFileReference; lastKnownFileType = sourcecode.swift; path = ContentViewViewModel.swift; sourceTree = "<group>"; };
		172F1455299D934300A4513C /* RecordingSetSheetViewModel.swift */ = {isa = PBXFileReference; lastKnownFileType = sourcecode.swift; path = RecordingSetSheetViewModel.swift; sourceTree = "<group>"; };
		172F1458299E9FDD00A4513C /* README.md */ = {isa = PBXFileReference; lastKnownFileType = net.daringfireball.markdown; path = README.md; sourceTree = "<group>"; };
		172F145B299ED44900A4513C /* Info.plist */ = {isa = PBXFileReference; lastKnownFileType = text.plist.xml; path = Info.plist; sourceTree = SOURCE_ROOT; };
		1755B40D29F5D8D400AB8C62 /* ActivityViewController.swift */ = {isa = PBXFileReference; lastKnownFileType = sourcecode.swift; path = ActivityViewController.swift; sourceTree = "<group>"; };
		1755B41229F5FAC200AB8C62 /* MRTLogoWhite.png */ = {isa = PBXFileReference; lastKnownFileType = image.png; path = MRTLogoWhite.png; sourceTree = "<group>"; };
		1755B41429F5FAD600AB8C62 /* MRTLogo.png */ = {isa = PBXFileReference; lastKnownFileType = image.png; path = MRTLogo.png; sourceTree = "<group>"; };
		1755B41629F6065B00AB8C62 /* RecordingSetPair.swift */ = {isa = PBXFileReference; lastKnownFileType = sourcecode.swift; path = RecordingSetPair.swift; sourceTree = "<group>"; };
		1755B41829F60F2E00AB8C62 /* SelectRecordingSetsViewModel.swift */ = {isa = PBXFileReference; lastKnownFileType = sourcecode.swift; path = SelectRecordingSetsViewModel.swift; sourceTree = "<group>"; };
		1755B41C29F726DD00AB8C62 /* MRTMockup.png */ = {isa = PBXFileReference; lastKnownFileType = image.png; path = MRTMockup.png; sourceTree = "<group>"; };
		1755B46529F9CE7500AB8C62 /* DataController.swift */ = {isa = PBXFileReference; lastKnownFileType = sourcecode.swift; path = DataController.swift; sourceTree = "<group>"; };
		1755B46B29F9D2DD00AB8C62 /* MyRaceTimerTests.xctest */ = {isa = PBXFileReference; explicitFileType = wrapper.cfbundle; includeInIndex = 0; path = MyRaceTimerTests.xctest; sourceTree = BUILT_PRODUCTS_DIR; };
		1755B47429F9D30500AB8C62 /* DataControllerTests.swift */ = {isa = PBXFileReference; lastKnownFileType = sourcecode.swift; path = DataControllerTests.swift; sourceTree = "<group>"; };
		1757CD4C29FC3862003F9086 /* ContentViewUITests.swift */ = {isa = PBXFileReference; lastKnownFileType = sourcecode.swift; path = ContentViewUITests.swift; sourceTree = "<group>"; };
		17662D2E288DC5E80022124F /* MyRaceTimer.app */ = {isa = PBXFileReference; explicitFileType = wrapper.application; includeInIndex = 0; path = MyRaceTimer.app; sourceTree = BUILT_PRODUCTS_DIR; };
		17662D31288DC5E80022124F /* MyRaceTimerApp.swift */ = {isa = PBXFileReference; lastKnownFileType = sourcecode.swift; path = MyRaceTimerApp.swift; sourceTree = "<group>"; };
		17662D33288DC5E80022124F /* ContentView.swift */ = {isa = PBXFileReference; lastKnownFileType = sourcecode.swift; path = ContentView.swift; sourceTree = "<group>"; };
		17662D35288DC5EA0022124F /* Assets.xcassets */ = {isa = PBXFileReference; lastKnownFileType = folder.assetcatalog; path = Assets.xcassets; sourceTree = "<group>"; };
		17662D38288DC5EA0022124F /* Preview Assets.xcassets */ = {isa = PBXFileReference; lastKnownFileType = folder.assetcatalog; path = "Preview Assets.xcassets"; sourceTree = "<group>"; };
		17715AA129FC321300739174 /* MyRaceTimerUITests.xctest */ = {isa = PBXFileReference; explicitFileType = wrapper.cfbundle; includeInIndex = 0; path = MyRaceTimerUITests.xctest; sourceTree = BUILT_PRODUCTS_DIR; };
		17715AA329FC321300739174 /* MyRaceTimerUITests.swift */ = {isa = PBXFileReference; lastKnownFileType = sourcecode.swift; path = MyRaceTimerUITests.swift; sourceTree = "<group>"; };
		17715AA529FC321300739174 /* MyRaceTimerUITestsLaunchTests.swift */ = {isa = PBXFileReference; lastKnownFileType = sourcecode.swift; path = MyRaceTimerUITestsLaunchTests.swift; sourceTree = "<group>"; };
		177638892A0318D900B97D50 /* NameResultViewModel.swift */ = {isa = PBXFileReference; lastKnownFileType = sourcecode.swift; path = NameResultViewModel.swift; sourceTree = "<group>"; };
		177BB8C129EF3E920019C38F /* MyRaceTimer.xcdatamodel */ = {isa = PBXFileReference; lastKnownFileType = wrapper.xcdatamodel; path = MyRaceTimer.xcdatamodel; sourceTree = "<group>"; };
		177BB8C329EF3F9A0019C38F /* PersistenceController.swift */ = {isa = PBXFileReference; lastKnownFileType = sourcecode.swift; path = PersistenceController.swift; sourceTree = "<group>"; };
		177BB8C729EF47010019C38F /* Recording+CoreDataClass.swift */ = {isa = PBXFileReference; lastKnownFileType = sourcecode.swift; path = "Recording+CoreDataClass.swift"; sourceTree = "<group>"; };
		177BB8C829EF47010019C38F /* Recording+CoreDataProperties.swift */ = {isa = PBXFileReference; lastKnownFileType = sourcecode.swift; path = "Recording+CoreDataProperties.swift"; sourceTree = "<group>"; };
		177BB8C929EF47010019C38F /* RecordingSet+CoreDataClass.swift */ = {isa = PBXFileReference; lastKnownFileType = sourcecode.swift; path = "RecordingSet+CoreDataClass.swift"; sourceTree = "<group>"; };
		177BB8CA29EF47010019C38F /* RecordingSet+CoreDataProperties.swift */ = {isa = PBXFileReference; lastKnownFileType = sourcecode.swift; path = "RecordingSet+CoreDataProperties.swift"; sourceTree = "<group>"; };
		17857CF029FF302F009A9BD0 /* ResultSheetViewModel.swift */ = {isa = PBXFileReference; lastKnownFileType = sourcecode.swift; path = ResultSheetViewModel.swift; sourceTree = "<group>"; };
		17857CF529FF31E6009A9BD0 /* ResultDetail.swift */ = {isa = PBXFileReference; lastKnownFileType = sourcecode.swift; path = ResultDetail.swift; sourceTree = "<group>"; };
		17857CF729FF3263009A9BD0 /* ResultDetailViewModel.swift */ = {isa = PBXFileReference; lastKnownFileType = sourcecode.swift; path = ResultDetailViewModel.swift; sourceTree = "<group>"; };
		17857CFD29FF6B70009A9BD0 /* PairSelectedRecordingSetsViewModel.swift */ = {isa = PBXFileReference; lastKnownFileType = sourcecode.swift; path = PairSelectedRecordingSetsViewModel.swift; sourceTree = "<group>"; };
		17857CFF29FF8F41009A9BD0 /* IssuesNavigatorViewModel.swift */ = {isa = PBXFileReference; lastKnownFileType = sourcecode.swift; path = IssuesNavigatorViewModel.swift; sourceTree = "<group>"; };
		17857D0129FF8F56009A9BD0 /* IssuesNavigator.swift */ = {isa = PBXFileReference; lastKnownFileType = sourcecode.swift; path = IssuesNavigator.swift; sourceTree = "<group>"; };
		17857D042A01E466009A9BD0 /* NameResult.swift */ = {isa = PBXFileReference; lastKnownFileType = sourcecode.swift; path = NameResult.swift; sourceTree = "<group>"; };
		17857D072A01E7CA009A9BD0 /* ResolveIssuesSheet.swift */ = {isa = PBXFileReference; lastKnownFileType = sourcecode.swift; path = ResolveIssuesSheet.swift; sourceTree = "<group>"; };
		17857D092A01E7DE009A9BD0 /* ResolveIssuesSheetViewModel.swift */ = {isa = PBXFileReference; lastKnownFileType = sourcecode.swift; path = ResolveIssuesSheetViewModel.swift; sourceTree = "<group>"; };
		17A78A9B289B5D76000AA754 /* Extensions.swift */ = {isa = PBXFileReference; lastKnownFileType = sourcecode.swift; path = Extensions.swift; sourceTree = "<group>"; };
		17BD9BB529FDAE92004EDD27 /* ResultSheet.swift */ = {isa = PBXFileReference; lastKnownFileType = sourcecode.swift; path = ResultSheet.swift; sourceTree = "<group>"; };
		17BD9BB729FDB74B004EDD27 /* Racer+CoreDataClass.swift */ = {isa = PBXFileReference; lastKnownFileType = sourcecode.swift; path = "Racer+CoreDataClass.swift"; sourceTree = "<group>"; };
		17BD9BB829FDB74B004EDD27 /* Racer+CoreDataProperties.swift */ = {isa = PBXFileReference; lastKnownFileType = sourcecode.swift; path = "Racer+CoreDataProperties.swift"; sourceTree = "<group>"; };
		17BD9BB929FDB74B004EDD27 /* Stage+CoreDataClass.swift */ = {isa = PBXFileReference; lastKnownFileType = sourcecode.swift; path = "Stage+CoreDataClass.swift"; sourceTree = "<group>"; };
		17BD9BBA29FDB74B004EDD27 /* Stage+CoreDataProperties.swift */ = {isa = PBXFileReference; lastKnownFileType = sourcecode.swift; path = "Stage+CoreDataProperties.swift"; sourceTree = "<group>"; };
		17BD9BBB29FDB74B004EDD27 /* StageResult+CoreDataClass.swift */ = {isa = PBXFileReference; lastKnownFileType = sourcecode.swift; path = "StageResult+CoreDataClass.swift"; sourceTree = "<group>"; };
		17BD9BBC29FDB74B004EDD27 /* StageResult+CoreDataProperties.swift */ = {isa = PBXFileReference; lastKnownFileType = sourcecode.swift; path = "StageResult+CoreDataProperties.swift"; sourceTree = "<group>"; };
		17BD9BBD29FDB74B004EDD27 /* Result+CoreDataClass.swift */ = {isa = PBXFileReference; lastKnownFileType = sourcecode.swift; path = "Result+CoreDataClass.swift"; sourceTree = "<group>"; };
		17BD9BBE29FDB74B004EDD27 /* Result+CoreDataProperties.swift */ = {isa = PBXFileReference; lastKnownFileType = sourcecode.swift; path = "Result+CoreDataProperties.swift"; sourceTree = "<group>"; };
		17E860F429A1C6A7004F2C86 /* SelectRecordingSets.swift */ = {isa = PBXFileReference; lastKnownFileType = sourcecode.swift; path = SelectRecordingSets.swift; sourceTree = "<group>"; };
		17E860F629A1C6B9004F2C86 /* PairSelectedReocordingSets.swift */ = {isa = PBXFileReference; lastKnownFileType = sourcecode.swift; path = PairSelectedReocordingSets.swift; sourceTree = "<group>"; };
		17E88C3729F4E1CA009145BD /* CoreDataCodable.swift */ = {isa = PBXFileReference; lastKnownFileType = sourcecode.swift; path = CoreDataCodable.swift; sourceTree = "<group>"; };
		17FC6644299AB7F000990518 /* NumberPad.swift */ = {isa = PBXFileReference; lastKnownFileType = sourcecode.swift; path = NumberPad.swift; sourceTree = "<group>"; };
		17FC6646299B11CE00990518 /* RecordingsList.swift */ = {isa = PBXFileReference; lastKnownFileType = sourcecode.swift; path = RecordingsList.swift; sourceTree = "<group>"; };
/* End PBXFileReference section */

/* Begin PBXFrameworksBuildPhase section */
		1755B46829F9D2DD00AB8C62 /* Frameworks */ = {
			isa = PBXFrameworksBuildPhase;
			buildActionMask = 2147483647;
			files = (
			);
			runOnlyForDeploymentPostprocessing = 0;
		};
		17662D2B288DC5E80022124F /* Frameworks */ = {
			isa = PBXFrameworksBuildPhase;
			buildActionMask = 2147483647;
			files = (
			);
			runOnlyForDeploymentPostprocessing = 0;
		};
		17715A9E29FC321300739174 /* Frameworks */ = {
			isa = PBXFrameworksBuildPhase;
			buildActionMask = 2147483647;
			files = (
			);
			runOnlyForDeploymentPostprocessing = 0;
		};
/* End PBXFrameworksBuildPhase section */

/* Begin PBXGroup section */
		172F144B299D667300A4513C /* CoreData */ = {
			isa = PBXGroup;
			children = (
				177BB8C029EF3E920019C38F /* MyRaceTimer.xcdatamodeld */,
				17E88C3729F4E1CA009145BD /* CoreDataCodable.swift */,
				17BD9BCC29FDB7A5004EDD27 /* Racer */,
				17BD9BCB29FDB79A004EDD27 /* Stage */,
				17BD9BCA29FDB78D004EDD27 /* StageResult */,
				17BD9BC929FDB781004EDD27 /* Result */,
				17BD9BC829FDB76C004EDD27 /* RecordingSet */,
				17BD9BC729FDB751004EDD27 /* Recording */,
				177BB8C329EF3F9A0019C38F /* PersistenceController.swift */,
				1755B46529F9CE7500AB8C62 /* DataController.swift */,
			);
			path = CoreData;
			sourceTree = "<group>";
		};
		172F1457299DF83B00A4513C /* RecordingSetSheet */ = {
			isa = PBXGroup;
			children = (
				17072509289C531700F39B89 /* RecordingSetSheet.swift */,
				172F1455299D934300A4513C /* RecordingSetSheetViewModel.swift */,
			);
			path = RecordingSetSheet;
			sourceTree = "<group>";
		};
		1755B40F29F5F70600AB8C62 /* READMEImages */ = {
			isa = PBXGroup;
			children = (
				1755B41C29F726DD00AB8C62 /* MRTMockup.png */,
				1755B41429F5FAD600AB8C62 /* MRTLogo.png */,
				1755B41229F5FAC200AB8C62 /* MRTLogoWhite.png */,
			);
			path = READMEImages;
			sourceTree = "<group>";
		};
		1755B46C29F9D2DD00AB8C62 /* MyRaceTimerTests */ = {
			isa = PBXGroup;
			children = (
				1755B47429F9D30500AB8C62 /* DataControllerTests.swift */,
			);
			path = MyRaceTimerTests;
			sourceTree = "<group>";
		};
		1757CD4E29FC6EAA003F9086 /* ResultSheet */ = {
			isa = PBXGroup;
			children = (
				17BD9BB529FDAE92004EDD27 /* ResultSheet.swift */,
				17857CF029FF302F009A9BD0 /* ResultSheetViewModel.swift */,
			);
			path = ResultSheet;
			sourceTree = "<group>";
		};
		17662D25288DC5E80022124F = {
			isa = PBXGroup;
			children = (
				172F145B299ED44900A4513C /* Info.plist */,
				1755B40F29F5F70600AB8C62 /* READMEImages */,
				172F1458299E9FDD00A4513C /* README.md */,
				17662D30288DC5E80022124F /* MyRaceTimer */,
				1755B46C29F9D2DD00AB8C62 /* MyRaceTimerTests */,
				17715AA229FC321300739174 /* MyRaceTimerUITests */,
				17662D2F288DC5E80022124F /* Products */,
			);
			sourceTree = "<group>";
		};
		17662D2F288DC5E80022124F /* Products */ = {
			isa = PBXGroup;
			children = (
				17662D2E288DC5E80022124F /* MyRaceTimer.app */,
				1755B46B29F9D2DD00AB8C62 /* MyRaceTimerTests.xctest */,
				17715AA129FC321300739174 /* MyRaceTimerUITests.xctest */,
			);
			name = Products;
			sourceTree = "<group>";
		};
		17662D30288DC5E80022124F /* MyRaceTimer */ = {
			isa = PBXGroup;
			children = (
				17662D31288DC5E80022124F /* MyRaceTimerApp.swift */,
				17662D33288DC5E80022124F /* ContentView.swift */,
				172F1447299D660100A4513C /* ContentViewViewModel.swift */,
				17FC6644299AB7F000990518 /* NumberPad.swift */,
				17FC6646299B11CE00990518 /* RecordingsList.swift */,
				1755B40D29F5D8D400AB8C62 /* ActivityViewController.swift */,
				172F1457299DF83B00A4513C /* RecordingSetSheet */,
				17857CF229FF3098009A9BD0 /* ResultDetail */,
				1757CD4E29FC6EAA003F9086 /* ResultSheet */,
				17857CF929FF3B43009A9BD0 /* ResultCalculatorSheet */,
				17A78A9B289B5D76000AA754 /* Extensions.swift */,
				172F144B299D667300A4513C /* CoreData */,
				17662D35288DC5EA0022124F /* Assets.xcassets */,
				17662D37288DC5EA0022124F /* Preview Content */,
			);
			path = MyRaceTimer;
			sourceTree = "<group>";
		};
		17662D37288DC5EA0022124F /* Preview Content */ = {
			isa = PBXGroup;
			children = (
				17662D38288DC5EA0022124F /* Preview Assets.xcassets */,
			);
			path = "Preview Content";
			sourceTree = "<group>";
		};
		17715AA229FC321300739174 /* MyRaceTimerUITests */ = {
			isa = PBXGroup;
			children = (
				17715AA329FC321300739174 /* MyRaceTimerUITests.swift */,
				1757CD4C29FC3862003F9086 /* ContentViewUITests.swift */,
				17715AA529FC321300739174 /* MyRaceTimerUITestsLaunchTests.swift */,
			);
			path = MyRaceTimerUITests;
			sourceTree = "<group>";
		};
		17857CF229FF3098009A9BD0 /* ResultDetail */ = {
			isa = PBXGroup;
			children = (
				17857CF529FF31E6009A9BD0 /* ResultDetail.swift */,
				17857CF729FF3263009A9BD0 /* ResultDetailViewModel.swift */,
			);
			path = ResultDetail;
			sourceTree = "<group>";
		};
		17857CF929FF3B43009A9BD0 /* ResultCalculatorSheet */ = {
			isa = PBXGroup;
			children = (
				1755B41629F6065B00AB8C62 /* RecordingSetPair.swift */,
				17857CFA29FF3B55009A9BD0 /* SelectRecordingSetsSheet */,
				17857CFB29FF3B62009A9BD0 /* PairRecordingSetsSheet */,
				17857D032A01E446009A9BD0 /* NameResult */,
				17857CFC29FF3B76009A9BD0 /* IssuesNavigator */,
			);
			path = ResultCalculatorSheet;
			sourceTree = "<group>";
		};
		17857CFA29FF3B55009A9BD0 /* SelectRecordingSetsSheet */ = {
			isa = PBXGroup;
			children = (
				17E860F429A1C6A7004F2C86 /* SelectRecordingSets.swift */,
				1755B41829F60F2E00AB8C62 /* SelectRecordingSetsViewModel.swift */,
			);
			path = SelectRecordingSetsSheet;
			sourceTree = "<group>";
		};
		17857CFB29FF3B62009A9BD0 /* PairRecordingSetsSheet */ = {
			isa = PBXGroup;
			children = (
				17E860F629A1C6B9004F2C86 /* PairSelectedReocordingSets.swift */,
				17857CFD29FF6B70009A9BD0 /* PairSelectedRecordingSetsViewModel.swift */,
			);
			path = PairRecordingSetsSheet;
			sourceTree = "<group>";
		};
		17857CFC29FF3B76009A9BD0 /* IssuesNavigator */ = {
			isa = PBXGroup;
			children = (
				17857CFF29FF8F41009A9BD0 /* IssuesNavigatorViewModel.swift */,
				17857D0129FF8F56009A9BD0 /* IssuesNavigator.swift */,
				17857D062A01E7BA009A9BD0 /* ResolveIssuesSheet */,
			);
			path = IssuesNavigator;
			sourceTree = "<group>";
		};
		17857D032A01E446009A9BD0 /* NameResult */ = {
			isa = PBXGroup;
			children = (
				17857D042A01E466009A9BD0 /* NameResult.swift */,
				177638892A0318D900B97D50 /* NameResultViewModel.swift */,
			);
			path = NameResult;
			sourceTree = "<group>";
		};
		17857D062A01E7BA009A9BD0 /* ResolveIssuesSheet */ = {
			isa = PBXGroup;
			children = (
				17857D072A01E7CA009A9BD0 /* ResolveIssuesSheet.swift */,
				17857D092A01E7DE009A9BD0 /* ResolveIssuesSheetViewModel.swift */,
			);
			path = ResolveIssuesSheet;
			sourceTree = "<group>";
		};
		17BD9BC729FDB751004EDD27 /* Recording */ = {
			isa = PBXGroup;
			children = (
				177BB8C729EF47010019C38F /* Recording+CoreDataClass.swift */,
				177BB8C829EF47010019C38F /* Recording+CoreDataProperties.swift */,
			);
			path = Recording;
			sourceTree = "<group>";
		};
		17BD9BC829FDB76C004EDD27 /* RecordingSet */ = {
			isa = PBXGroup;
			children = (
				177BB8C929EF47010019C38F /* RecordingSet+CoreDataClass.swift */,
				177BB8CA29EF47010019C38F /* RecordingSet+CoreDataProperties.swift */,
			);
			path = RecordingSet;
			sourceTree = "<group>";
		};
		17BD9BC929FDB781004EDD27 /* Result */ = {
			isa = PBXGroup;
			children = (
				17BD9BBD29FDB74B004EDD27 /* Result+CoreDataClass.swift */,
				17BD9BBE29FDB74B004EDD27 /* Result+CoreDataProperties.swift */,
			);
			path = Result;
			sourceTree = "<group>";
		};
		17BD9BCA29FDB78D004EDD27 /* StageResult */ = {
			isa = PBXGroup;
			children = (
				17BD9BBC29FDB74B004EDD27 /* StageResult+CoreDataProperties.swift */,
				17BD9BBB29FDB74B004EDD27 /* StageResult+CoreDataClass.swift */,
			);
			path = StageResult;
			sourceTree = "<group>";
		};
		17BD9BCB29FDB79A004EDD27 /* Stage */ = {
			isa = PBXGroup;
			children = (
				17BD9BB929FDB74B004EDD27 /* Stage+CoreDataClass.swift */,
				17BD9BBA29FDB74B004EDD27 /* Stage+CoreDataProperties.swift */,
			);
			path = Stage;
			sourceTree = "<group>";
		};
		17BD9BCC29FDB7A5004EDD27 /* Racer */ = {
			isa = PBXGroup;
			children = (
				17BD9BB729FDB74B004EDD27 /* Racer+CoreDataClass.swift */,
				17BD9BB829FDB74B004EDD27 /* Racer+CoreDataProperties.swift */,
			);
			path = Racer;
			sourceTree = "<group>";
		};
/* End PBXGroup section */

/* Begin PBXNativeTarget section */
		1755B46A29F9D2DD00AB8C62 /* MyRaceTimerTests */ = {
			isa = PBXNativeTarget;
			buildConfigurationList = 1755B47129F9D2DD00AB8C62 /* Build configuration list for PBXNativeTarget "MyRaceTimerTests" */;
			buildPhases = (
				1755B46729F9D2DD00AB8C62 /* Sources */,
				1755B46829F9D2DD00AB8C62 /* Frameworks */,
				1755B46929F9D2DD00AB8C62 /* Resources */,
			);
			buildRules = (
			);
			dependencies = (
				1755B47029F9D2DD00AB8C62 /* PBXTargetDependency */,
			);
			name = MyRaceTimerTests;
			productName = MyRaceTimerTests;
			productReference = 1755B46B29F9D2DD00AB8C62 /* MyRaceTimerTests.xctest */;
			productType = "com.apple.product-type.bundle.unit-test";
		};
		17662D2D288DC5E80022124F /* MyRaceTimer */ = {
			isa = PBXNativeTarget;
			buildConfigurationList = 17662D3C288DC5EA0022124F /* Build configuration list for PBXNativeTarget "MyRaceTimer" */;
			buildPhases = (
				17662D2A288DC5E80022124F /* Sources */,
				17662D2B288DC5E80022124F /* Frameworks */,
				17662D2C288DC5E80022124F /* Resources */,
				17D78B0729A01C1F00BD7944 /* Embed Foundation Extensions */,
			);
			buildRules = (
			);
			dependencies = (
			);
			name = MyRaceTimer;
			productName = "Race Timer";
			productReference = 17662D2E288DC5E80022124F /* MyRaceTimer.app */;
			productType = "com.apple.product-type.application";
		};
		17715AA029FC321300739174 /* MyRaceTimerUITests */ = {
			isa = PBXNativeTarget;
			buildConfigurationList = 17715AAB29FC321300739174 /* Build configuration list for PBXNativeTarget "MyRaceTimerUITests" */;
			buildPhases = (
				17715A9D29FC321300739174 /* Sources */,
				17715A9E29FC321300739174 /* Frameworks */,
				17715A9F29FC321300739174 /* Resources */,
			);
			buildRules = (
			);
			dependencies = (
				17715AA829FC321300739174 /* PBXTargetDependency */,
			);
			name = MyRaceTimerUITests;
			productName = MyRaceTimerUITests;
			productReference = 17715AA129FC321300739174 /* MyRaceTimerUITests.xctest */;
			productType = "com.apple.product-type.bundle.ui-testing";
		};
/* End PBXNativeTarget section */

/* Begin PBXProject section */
		17662D26288DC5E80022124F /* Project object */ = {
			isa = PBXProject;
			attributes = {
				BuildIndependentTargetsInParallel = 1;
				LastSwiftUpdateCheck = 1420;
				LastUpgradeCheck = 1340;
				TargetAttributes = {
					1755B46A29F9D2DD00AB8C62 = {
						CreatedOnToolsVersion = 14.2;
						TestTargetID = 17662D2D288DC5E80022124F;
					};
					17662D2D288DC5E80022124F = {
						CreatedOnToolsVersion = 13.4;
					};
					17715AA029FC321300739174 = {
						CreatedOnToolsVersion = 14.2;
						TestTargetID = 17662D2D288DC5E80022124F;
					};
				};
			};
			buildConfigurationList = 17662D29288DC5E80022124F /* Build configuration list for PBXProject "MyRaceTimer" */;
			compatibilityVersion = "Xcode 13.0";
			developmentRegion = en;
			hasScannedForEncodings = 0;
			knownRegions = (
				en,
				Base,
			);
			mainGroup = 17662D25288DC5E80022124F;
			productRefGroup = 17662D2F288DC5E80022124F /* Products */;
			projectDirPath = "";
			projectRoot = "";
			targets = (
				17662D2D288DC5E80022124F /* MyRaceTimer */,
				1755B46A29F9D2DD00AB8C62 /* MyRaceTimerTests */,
				17715AA029FC321300739174 /* MyRaceTimerUITests */,
			);
		};
/* End PBXProject section */

/* Begin PBXResourcesBuildPhase section */
		1755B46929F9D2DD00AB8C62 /* Resources */ = {
			isa = PBXResourcesBuildPhase;
			buildActionMask = 2147483647;
			files = (
			);
			runOnlyForDeploymentPostprocessing = 0;
		};
		17662D2C288DC5E80022124F /* Resources */ = {
			isa = PBXResourcesBuildPhase;
			buildActionMask = 2147483647;
			files = (
				1755B41329F5FAC200AB8C62 /* MRTLogoWhite.png in Resources */,
				1755B41D29F726DD00AB8C62 /* MRTMockup.png in Resources */,
				17662D39288DC5EA0022124F /* Preview Assets.xcassets in Resources */,
				1755B41529F5FAD600AB8C62 /* MRTLogo.png in Resources */,
				17662D36288DC5EA0022124F /* Assets.xcassets in Resources */,
			);
			runOnlyForDeploymentPostprocessing = 0;
		};
		17715A9F29FC321300739174 /* Resources */ = {
			isa = PBXResourcesBuildPhase;
			buildActionMask = 2147483647;
			files = (
			);
			runOnlyForDeploymentPostprocessing = 0;
		};
/* End PBXResourcesBuildPhase section */

/* Begin PBXSourcesBuildPhase section */
		1755B46729F9D2DD00AB8C62 /* Sources */ = {
			isa = PBXSourcesBuildPhase;
			buildActionMask = 2147483647;
			files = (
				1755B47529F9D30500AB8C62 /* DataControllerTests.swift in Sources */,
			);
			runOnlyForDeploymentPostprocessing = 0;
		};
		17662D2A288DC5E80022124F /* Sources */ = {
			isa = PBXSourcesBuildPhase;
			buildActionMask = 2147483647;
			files = (
				1707250A289C531700F39B89 /* RecordingSetSheet.swift in Sources */,
				17857D052A01E466009A9BD0 /* NameResult.swift in Sources */,
				17857CF829FF3263009A9BD0 /* ResultDetailViewModel.swift in Sources */,
				17FC6647299B11CE00990518 /* RecordingsList.swift in Sources */,
				177BB8CC29EF47010019C38F /* Recording+CoreDataProperties.swift in Sources */,
				17BD9BB629FDAE92004EDD27 /* ResultSheet.swift in Sources */,
				17662D34288DC5E80022124F /* ContentView.swift in Sources */,
				172F1448299D660100A4513C /* ContentViewViewModel.swift in Sources */,
				1776388A2A0318D900B97D50 /* NameResultViewModel.swift in Sources */,
				17FC6645299AB7F000990518 /* NumberPad.swift in Sources */,
				17662D32288DC5E80022124F /* MyRaceTimerApp.swift in Sources */,
				177BB8CD29EF47010019C38F /* RecordingSet+CoreDataClass.swift in Sources */,
				1755B41929F60F2E00AB8C62 /* SelectRecordingSetsViewModel.swift in Sources */,
				1755B46629F9CE7600AB8C62 /* DataController.swift in Sources */,
				17857CFE29FF6B70009A9BD0 /* PairSelectedRecordingSetsViewModel.swift in Sources */,
				177BB8CB29EF47010019C38F /* Recording+CoreDataClass.swift in Sources */,
				177BB8C429EF3F9A0019C38F /* PersistenceController.swift in Sources */,
				17BD9BC529FDB74B004EDD27 /* Result+CoreDataClass.swift in Sources */,
				17BD9BC329FDB74B004EDD27 /* StageResult+CoreDataClass.swift in Sources */,
				17E88C3829F4E1CA009145BD /* CoreDataCodable.swift in Sources */,
				177BB8CE29EF47010019C38F /* RecordingSet+CoreDataProperties.swift in Sources */,
				177BB8C229EF3E920019C38F /* MyRaceTimer.xcdatamodeld in Sources */,
				17BD9BC129FDB74B004EDD27 /* Stage+CoreDataClass.swift in Sources */,
				17BD9BC629FDB74B004EDD27 /* Result+CoreDataProperties.swift in Sources */,
				1755B41729F6065B00AB8C62 /* RecordingSetPair.swift in Sources */,
				17A78A9C289B5D76000AA754 /* Extensions.swift in Sources */,
				1755B40E29F5D8D400AB8C62 /* ActivityViewController.swift in Sources */,
				17857D0A2A01E7DE009A9BD0 /* ResolveIssuesSheetViewModel.swift in Sources */,
				17857CF629FF31E6009A9BD0 /* ResultDetail.swift in Sources */,
				172F1456299D934300A4513C /* RecordingSetSheetViewModel.swift in Sources */,
				17BD9BBF29FDB74B004EDD27 /* Racer+CoreDataClass.swift in Sources */,
				17857CF129FF302F009A9BD0 /* ResultSheetViewModel.swift in Sources */,
				17857D0029FF8F41009A9BD0 /* IssuesNavigatorViewModel.swift in Sources */,
				17BD9BC229FDB74B004EDD27 /* Stage+CoreDataProperties.swift in Sources */,
				17E860F529A1C6A7004F2C86 /* SelectRecordingSets.swift in Sources */,
				17857D0229FF8F56009A9BD0 /* IssuesNavigator.swift in Sources */,
				17BD9BC429FDB74B004EDD27 /* StageResult+CoreDataProperties.swift in Sources */,
				17E860F729A1C6B9004F2C86 /* PairSelectedReocordingSets.swift in Sources */,
				17857D082A01E7CA009A9BD0 /* ResolveIssuesSheet.swift in Sources */,
				17BD9BC029FDB74B004EDD27 /* Racer+CoreDataProperties.swift in Sources */,
			);
			runOnlyForDeploymentPostprocessing = 0;
		};
		17715A9D29FC321300739174 /* Sources */ = {
			isa = PBXSourcesBuildPhase;
			buildActionMask = 2147483647;
			files = (
				1757CD4D29FC3862003F9086 /* ContentViewUITests.swift in Sources */,
				17715AA429FC321300739174 /* MyRaceTimerUITests.swift in Sources */,
				17715AA629FC321300739174 /* MyRaceTimerUITestsLaunchTests.swift in Sources */,
			);
			runOnlyForDeploymentPostprocessing = 0;
		};
/* End PBXSourcesBuildPhase section */

/* Begin PBXTargetDependency section */
		1755B47029F9D2DD00AB8C62 /* PBXTargetDependency */ = {
			isa = PBXTargetDependency;
			target = 17662D2D288DC5E80022124F /* MyRaceTimer */;
			targetProxy = 1755B46F29F9D2DD00AB8C62 /* PBXContainerItemProxy */;
		};
		17715AA829FC321300739174 /* PBXTargetDependency */ = {
			isa = PBXTargetDependency;
			target = 17662D2D288DC5E80022124F /* MyRaceTimer */;
			targetProxy = 17715AA729FC321300739174 /* PBXContainerItemProxy */;
		};
/* End PBXTargetDependency section */

/* Begin XCBuildConfiguration section */
		1755B47229F9D2DD00AB8C62 /* Debug */ = {
			isa = XCBuildConfiguration;
			buildSettings = {
				BUNDLE_LOADER = "$(TEST_HOST)";
				CLANG_CXX_LANGUAGE_STANDARD = "gnu++20";
				CODE_SIGN_STYLE = Automatic;
				CURRENT_PROJECT_VERSION = 1;
				DEVELOPMENT_TEAM = WF5NY4PC3R;
				GENERATE_INFOPLIST_FILE = YES;
				IPHONEOS_DEPLOYMENT_TARGET = 16.2;
				MARKETING_VERSION = 1.0;
				PRODUCT_BUNDLE_IDENTIFIER = com.nikodittmar.MyRaceTimerTests;
				PRODUCT_NAME = "$(TARGET_NAME)";
				SWIFT_EMIT_LOC_STRINGS = NO;
				SWIFT_VERSION = 5.0;
				TARGETED_DEVICE_FAMILY = "1,2";
				TEST_HOST = "$(BUILT_PRODUCTS_DIR)/MyRaceTimer.app/$(BUNDLE_EXECUTABLE_FOLDER_PATH)/MyRaceTimer";
			};
			name = Debug;
		};
		1755B47329F9D2DD00AB8C62 /* Release */ = {
			isa = XCBuildConfiguration;
			buildSettings = {
				BUNDLE_LOADER = "$(TEST_HOST)";
				CLANG_CXX_LANGUAGE_STANDARD = "gnu++20";
				CODE_SIGN_STYLE = Automatic;
				CURRENT_PROJECT_VERSION = 1;
				DEVELOPMENT_TEAM = WF5NY4PC3R;
				GENERATE_INFOPLIST_FILE = YES;
				IPHONEOS_DEPLOYMENT_TARGET = 16.2;
				MARKETING_VERSION = 1.0;
				PRODUCT_BUNDLE_IDENTIFIER = com.nikodittmar.MyRaceTimerTests;
				PRODUCT_NAME = "$(TARGET_NAME)";
				SWIFT_EMIT_LOC_STRINGS = NO;
				SWIFT_VERSION = 5.0;
				TARGETED_DEVICE_FAMILY = "1,2";
				TEST_HOST = "$(BUILT_PRODUCTS_DIR)/MyRaceTimer.app/$(BUNDLE_EXECUTABLE_FOLDER_PATH)/MyRaceTimer";
			};
			name = Release;
		};
		17662D3A288DC5EA0022124F /* Debug */ = {
			isa = XCBuildConfiguration;
			buildSettings = {
				ALWAYS_SEARCH_USER_PATHS = NO;
				CLANG_ANALYZER_NONNULL = YES;
				CLANG_ANALYZER_NUMBER_OBJECT_CONVERSION = YES_AGGRESSIVE;
				CLANG_CXX_LANGUAGE_STANDARD = "gnu++17";
				CLANG_ENABLE_MODULES = YES;
				CLANG_ENABLE_OBJC_ARC = YES;
				CLANG_ENABLE_OBJC_WEAK = YES;
				CLANG_WARN_BLOCK_CAPTURE_AUTORELEASING = YES;
				CLANG_WARN_BOOL_CONVERSION = YES;
				CLANG_WARN_COMMA = YES;
				CLANG_WARN_CONSTANT_CONVERSION = YES;
				CLANG_WARN_DEPRECATED_OBJC_IMPLEMENTATIONS = YES;
				CLANG_WARN_DIRECT_OBJC_ISA_USAGE = YES_ERROR;
				CLANG_WARN_DOCUMENTATION_COMMENTS = YES;
				CLANG_WARN_EMPTY_BODY = YES;
				CLANG_WARN_ENUM_CONVERSION = YES;
				CLANG_WARN_INFINITE_RECURSION = YES;
				CLANG_WARN_INT_CONVERSION = YES;
				CLANG_WARN_NON_LITERAL_NULL_CONVERSION = YES;
				CLANG_WARN_OBJC_IMPLICIT_RETAIN_SELF = YES;
				CLANG_WARN_OBJC_LITERAL_CONVERSION = YES;
				CLANG_WARN_OBJC_ROOT_CLASS = YES_ERROR;
				CLANG_WARN_QUOTED_INCLUDE_IN_FRAMEWORK_HEADER = YES;
				CLANG_WARN_RANGE_LOOP_ANALYSIS = YES;
				CLANG_WARN_STRICT_PROTOTYPES = YES;
				CLANG_WARN_SUSPICIOUS_MOVE = YES;
				CLANG_WARN_UNGUARDED_AVAILABILITY = YES_AGGRESSIVE;
				CLANG_WARN_UNREACHABLE_CODE = YES;
				CLANG_WARN__DUPLICATE_METHOD_MATCH = YES;
				COPY_PHASE_STRIP = NO;
				DEBUG_INFORMATION_FORMAT = dwarf;
				ENABLE_STRICT_OBJC_MSGSEND = YES;
				ENABLE_TESTABILITY = YES;
				GCC_C_LANGUAGE_STANDARD = gnu11;
				GCC_DYNAMIC_NO_PIC = NO;
				GCC_NO_COMMON_BLOCKS = YES;
				GCC_OPTIMIZATION_LEVEL = 0;
				GCC_PREPROCESSOR_DEFINITIONS = (
					"DEBUG=1",
					"$(inherited)",
				);
				GCC_WARN_64_TO_32_BIT_CONVERSION = YES;
				GCC_WARN_ABOUT_RETURN_TYPE = YES_ERROR;
				GCC_WARN_UNDECLARED_SELECTOR = YES;
				GCC_WARN_UNINITIALIZED_AUTOS = YES_AGGRESSIVE;
				GCC_WARN_UNUSED_FUNCTION = YES;
				GCC_WARN_UNUSED_VARIABLE = YES;
				IPHONEOS_DEPLOYMENT_TARGET = 15.5;
				MTL_ENABLE_DEBUG_INFO = INCLUDE_SOURCE;
				MTL_FAST_MATH = YES;
				ONLY_ACTIVE_ARCH = YES;
				SDKROOT = iphoneos;
				SWIFT_ACTIVE_COMPILATION_CONDITIONS = DEBUG;
				SWIFT_OPTIMIZATION_LEVEL = "-Onone";
			};
			name = Debug;
		};
		17662D3B288DC5EA0022124F /* Release */ = {
			isa = XCBuildConfiguration;
			buildSettings = {
				ALWAYS_SEARCH_USER_PATHS = NO;
				CLANG_ANALYZER_NONNULL = YES;
				CLANG_ANALYZER_NUMBER_OBJECT_CONVERSION = YES_AGGRESSIVE;
				CLANG_CXX_LANGUAGE_STANDARD = "gnu++17";
				CLANG_ENABLE_MODULES = YES;
				CLANG_ENABLE_OBJC_ARC = YES;
				CLANG_ENABLE_OBJC_WEAK = YES;
				CLANG_WARN_BLOCK_CAPTURE_AUTORELEASING = YES;
				CLANG_WARN_BOOL_CONVERSION = YES;
				CLANG_WARN_COMMA = YES;
				CLANG_WARN_CONSTANT_CONVERSION = YES;
				CLANG_WARN_DEPRECATED_OBJC_IMPLEMENTATIONS = YES;
				CLANG_WARN_DIRECT_OBJC_ISA_USAGE = YES_ERROR;
				CLANG_WARN_DOCUMENTATION_COMMENTS = YES;
				CLANG_WARN_EMPTY_BODY = YES;
				CLANG_WARN_ENUM_CONVERSION = YES;
				CLANG_WARN_INFINITE_RECURSION = YES;
				CLANG_WARN_INT_CONVERSION = YES;
				CLANG_WARN_NON_LITERAL_NULL_CONVERSION = YES;
				CLANG_WARN_OBJC_IMPLICIT_RETAIN_SELF = YES;
				CLANG_WARN_OBJC_LITERAL_CONVERSION = YES;
				CLANG_WARN_OBJC_ROOT_CLASS = YES_ERROR;
				CLANG_WARN_QUOTED_INCLUDE_IN_FRAMEWORK_HEADER = YES;
				CLANG_WARN_RANGE_LOOP_ANALYSIS = YES;
				CLANG_WARN_STRICT_PROTOTYPES = YES;
				CLANG_WARN_SUSPICIOUS_MOVE = YES;
				CLANG_WARN_UNGUARDED_AVAILABILITY = YES_AGGRESSIVE;
				CLANG_WARN_UNREACHABLE_CODE = YES;
				CLANG_WARN__DUPLICATE_METHOD_MATCH = YES;
				COPY_PHASE_STRIP = NO;
				DEBUG_INFORMATION_FORMAT = "dwarf-with-dsym";
				ENABLE_NS_ASSERTIONS = NO;
				ENABLE_STRICT_OBJC_MSGSEND = YES;
				GCC_C_LANGUAGE_STANDARD = gnu11;
				GCC_NO_COMMON_BLOCKS = YES;
				GCC_WARN_64_TO_32_BIT_CONVERSION = YES;
				GCC_WARN_ABOUT_RETURN_TYPE = YES_ERROR;
				GCC_WARN_UNDECLARED_SELECTOR = YES;
				GCC_WARN_UNINITIALIZED_AUTOS = YES_AGGRESSIVE;
				GCC_WARN_UNUSED_FUNCTION = YES;
				GCC_WARN_UNUSED_VARIABLE = YES;
				IPHONEOS_DEPLOYMENT_TARGET = 15.5;
				MTL_ENABLE_DEBUG_INFO = NO;
				MTL_FAST_MATH = YES;
				SDKROOT = iphoneos;
				SWIFT_COMPILATION_MODE = wholemodule;
				SWIFT_OPTIMIZATION_LEVEL = "-O";
				VALIDATE_PRODUCT = YES;
			};
			name = Release;
		};
		17662D3D288DC5EA0022124F /* Debug */ = {
			isa = XCBuildConfiguration;
			buildSettings = {
				ASSETCATALOG_COMPILER_APPICON_NAME = AppIcon;
				ASSETCATALOG_COMPILER_GLOBAL_ACCENT_COLOR_NAME = AccentColor;
				CODE_SIGN_STYLE = Automatic;
				CURRENT_PROJECT_VERSION = 1;
				DEVELOPMENT_ASSET_PATHS = "\"MyRaceTimer/Preview Content\"";
				DEVELOPMENT_TEAM = WF5NY4PC3R;
				ENABLE_PREVIEWS = YES;
				GENERATE_INFOPLIST_FILE = YES;
				INFOPLIST_FILE = Info.plist;
				INFOPLIST_KEY_CFBundleDisplayName = MyRaceTimer;
				INFOPLIST_KEY_LSApplicationCategoryType = "public.app-category.sports";
				INFOPLIST_KEY_LSSupportsOpeningDocumentsInPlace = YES;
				INFOPLIST_KEY_UIApplicationSceneManifest_Generation = YES;
				INFOPLIST_KEY_UIApplicationSupportsIndirectInputEvents = YES;
				INFOPLIST_KEY_UILaunchScreen_Generation = YES;
				INFOPLIST_KEY_UISupportedInterfaceOrientations = UIInterfaceOrientationPortrait;
				INFOPLIST_KEY_UISupportedInterfaceOrientations_iPad = "UIInterfaceOrientationLandscapeLeft UIInterfaceOrientationLandscapeRight UIInterfaceOrientationPortrait UIInterfaceOrientationPortraitUpsideDown";
				IPHONEOS_DEPLOYMENT_TARGET = 16.0;
				LD_RUNPATH_SEARCH_PATHS = (
					"$(inherited)",
					"@executable_path/Frameworks",
				);
				MARKETING_VERSION = 0.1.0;
				PRODUCT_BUNDLE_IDENTIFIER = com.nikodittmar.MyRaceTimer;
				PRODUCT_NAME = "$(TARGET_NAME)";
				SUPPORTED_PLATFORMS = "iphoneos iphonesimulator";
				SUPPORTS_MACCATALYST = NO;
				SUPPORTS_MAC_DESIGNED_FOR_IPHONE_IPAD = NO;
				SWIFT_EMIT_LOC_STRINGS = YES;
				SWIFT_VERSION = 5.0;
				TARGETED_DEVICE_FAMILY = 1;
			};
			name = Debug;
		};
		17662D3E288DC5EA0022124F /* Release */ = {
			isa = XCBuildConfiguration;
			buildSettings = {
				ASSETCATALOG_COMPILER_APPICON_NAME = AppIcon;
				ASSETCATALOG_COMPILER_GLOBAL_ACCENT_COLOR_NAME = AccentColor;
				CODE_SIGN_STYLE = Automatic;
				CURRENT_PROJECT_VERSION = 1;
				DEVELOPMENT_ASSET_PATHS = "\"MyRaceTimer/Preview Content\"";
				DEVELOPMENT_TEAM = WF5NY4PC3R;
				ENABLE_PREVIEWS = YES;
				GENERATE_INFOPLIST_FILE = YES;
				INFOPLIST_FILE = Info.plist;
				INFOPLIST_KEY_CFBundleDisplayName = MyRaceTimer;
				INFOPLIST_KEY_LSApplicationCategoryType = "public.app-category.sports";
				INFOPLIST_KEY_LSSupportsOpeningDocumentsInPlace = YES;
				INFOPLIST_KEY_UIApplicationSceneManifest_Generation = YES;
				INFOPLIST_KEY_UIApplicationSupportsIndirectInputEvents = YES;
				INFOPLIST_KEY_UILaunchScreen_Generation = YES;
				INFOPLIST_KEY_UISupportedInterfaceOrientations = UIInterfaceOrientationPortrait;
				INFOPLIST_KEY_UISupportedInterfaceOrientations_iPad = "UIInterfaceOrientationLandscapeLeft UIInterfaceOrientationLandscapeRight UIInterfaceOrientationPortrait UIInterfaceOrientationPortraitUpsideDown";
				IPHONEOS_DEPLOYMENT_TARGET = 16.0;
				LD_RUNPATH_SEARCH_PATHS = (
					"$(inherited)",
					"@executable_path/Frameworks",
				);
				MARKETING_VERSION = 0.1.0;
				PRODUCT_BUNDLE_IDENTIFIER = com.nikodittmar.MyRaceTimer;
				PRODUCT_NAME = "$(TARGET_NAME)";
				SUPPORTED_PLATFORMS = "iphoneos iphonesimulator";
				SUPPORTS_MACCATALYST = NO;
				SUPPORTS_MAC_DESIGNED_FOR_IPHONE_IPAD = NO;
				SWIFT_EMIT_LOC_STRINGS = YES;
				SWIFT_VERSION = 5.0;
				TARGETED_DEVICE_FAMILY = 1;
			};
			name = Release;
		};
		17715AA929FC321300739174 /* Debug */ = {
			isa = XCBuildConfiguration;
			buildSettings = {
				CLANG_CXX_LANGUAGE_STANDARD = "gnu++20";
				CODE_SIGN_STYLE = Automatic;
				CURRENT_PROJECT_VERSION = 1;
				DEVELOPMENT_TEAM = WF5NY4PC3R;
				GENERATE_INFOPLIST_FILE = YES;
				IPHONEOS_DEPLOYMENT_TARGET = 16.2;
				MARKETING_VERSION = 1.0;
				PRODUCT_BUNDLE_IDENTIFIER = com.nikodittmar.MyRaceTimerUITests;
				PRODUCT_NAME = "$(TARGET_NAME)";
				SWIFT_EMIT_LOC_STRINGS = NO;
				SWIFT_VERSION = 5.0;
				TARGETED_DEVICE_FAMILY = "1,2";
				TEST_TARGET_NAME = MyRaceTimer;
			};
			name = Debug;
		};
		17715AAA29FC321300739174 /* Release */ = {
			isa = XCBuildConfiguration;
			buildSettings = {
				CLANG_CXX_LANGUAGE_STANDARD = "gnu++20";
				CODE_SIGN_STYLE = Automatic;
				CURRENT_PROJECT_VERSION = 1;
				DEVELOPMENT_TEAM = WF5NY4PC3R;
				GENERATE_INFOPLIST_FILE = YES;
				IPHONEOS_DEPLOYMENT_TARGET = 16.2;
				MARKETING_VERSION = 1.0;
				PRODUCT_BUNDLE_IDENTIFIER = com.nikodittmar.MyRaceTimerUITests;
				PRODUCT_NAME = "$(TARGET_NAME)";
				SWIFT_EMIT_LOC_STRINGS = NO;
				SWIFT_VERSION = 5.0;
				TARGETED_DEVICE_FAMILY = "1,2";
				TEST_TARGET_NAME = MyRaceTimer;
			};
			name = Release;
		};
/* End XCBuildConfiguration section */

/* Begin XCConfigurationList section */
		1755B47129F9D2DD00AB8C62 /* Build configuration list for PBXNativeTarget "MyRaceTimerTests" */ = {
			isa = XCConfigurationList;
			buildConfigurations = (
				1755B47229F9D2DD00AB8C62 /* Debug */,
				1755B47329F9D2DD00AB8C62 /* Release */,
			);
			defaultConfigurationIsVisible = 0;
			defaultConfigurationName = Release;
		};
		17662D29288DC5E80022124F /* Build configuration list for PBXProject "MyRaceTimer" */ = {
			isa = XCConfigurationList;
			buildConfigurations = (
				17662D3A288DC5EA0022124F /* Debug */,
				17662D3B288DC5EA0022124F /* Release */,
			);
			defaultConfigurationIsVisible = 0;
			defaultConfigurationName = Release;
		};
		17662D3C288DC5EA0022124F /* Build configuration list for PBXNativeTarget "MyRaceTimer" */ = {
			isa = XCConfigurationList;
			buildConfigurations = (
				17662D3D288DC5EA0022124F /* Debug */,
				17662D3E288DC5EA0022124F /* Release */,
			);
			defaultConfigurationIsVisible = 0;
			defaultConfigurationName = Release;
		};
		17715AAB29FC321300739174 /* Build configuration list for PBXNativeTarget "MyRaceTimerUITests" */ = {
			isa = XCConfigurationList;
			buildConfigurations = (
				17715AA929FC321300739174 /* Debug */,
				17715AAA29FC321300739174 /* Release */,
			);
			defaultConfigurationIsVisible = 0;
			defaultConfigurationName = Release;
		};
/* End XCConfigurationList section */

/* Begin XCVersionGroup section */
		177BB8C029EF3E920019C38F /* MyRaceTimer.xcdatamodeld */ = {
			isa = XCVersionGroup;
			children = (
				177BB8C129EF3E920019C38F /* MyRaceTimer.xcdatamodel */,
			);
			currentVersion = 177BB8C129EF3E920019C38F /* MyRaceTimer.xcdatamodel */;
			path = MyRaceTimer.xcdatamodeld;
			sourceTree = "<group>";
			versionGroupType = wrapper.xcdatamodel;
		};
/* End XCVersionGroup section */
	};
	rootObject = 17662D26288DC5E80022124F /* Project object */;
}
